
Microsoft Visual Studio Solution File, Format Version 12.00
# Visual Studio Version 18
VisualStudioVersion = 18.9.12009.208 insiders
MinimumVisualStudioVersion = 10.0.40219.1
Project("{2150E333-8FDC-42A3-9474-1A3956D46DE8}") = "ApiBusiness", "ApiBusiness", "{4CC658B2-F93F-49CF-9042-050055D70BFA}"
EndProject
Project("{FAE04EC0-301F-11D3-BF4B-00C04F79EFBC}") = "Business", "Business\Business.csproj", "{D54B58D9-B9C5-413A-AB4D-B51008B956A6}"
EndProject
Project("{FAE04EC0-301F-11D3-BF4B-00C04F79EFBC}") = "Business.Contracts", "Business.Contracts\Business.Contracts.csproj", "{EF1291AC-3E14-4039-A411-48229593CBE9}"
EndProject
Project("{2150E333-8FDC-42A3-9474-1A3956D46DE8}") = "ApiMiddelware", "ApiMiddelware", "{D9D3A849-24D0-4778-8368-E47F0AE565C2}"
EndProject
Project("{2150E333-8FDC-42A3-9474-1A3956D46DE8}") = "Common", "Common", "{641FB7FD-1BC5-41F6-B165-634C667ED7CA}"
EndProject
Project("{2150E333-8FDC-42A3-9474-1A3956D46DE8}") = "Core", "Core", "{401E8D15-144E-409A-8156-C1E3556D1A19}"
EndProject
Project("{2150E333-8FDC-42A3-9474-1A3956D46DE8}") = "FrontApplication", "FrontApplication", "{5E8A5434-C80D-4121-8E75-02645A7EA6DA}"
EndProject
Project("{FAE04EC0-301F-11D3-BF4B-00C04F79EFBC}") = "ChatbotDesarrollo.Core", "ChatbotDesarrollo.Core\ChatbotDesarrollo.Core.csproj", "{7F18FE33-08F9-4D32-899D-B04A88C28FD7}"
EndProject
Project("{FAE04EC0-301F-11D3-BF4B-00C04F79EFBC}") = "Framework.Core", "Framework.Core\Framework.Core.csproj", "{C9E0FD5B-C43A-4F11-B46F-38B95B459C99}"
EndProject
Project("{FAE04EC0-301F-11D3-BF4B-00C04F79EFBC}") = "WebApiMiddelware", "WebApiMiddelware\WebApiMiddelware.csproj", "{C9D19A41-AFD1-4BFF-9DCA-642CA1D79316}"
EndProject
Project("{FAE04EC0-301F-11D3-BF4B-00C04F79EFBC}") = "Framework.FrontApplication", "Framework.FrontApplication\Framework.FrontApplication.csproj", "{33B63FE2-B56C-4E97-9502-93442830C774}"
EndProject
Project("{FAE04EC0-301F-11D3-BF4B-00C04F79EFBC}") = "WebFront", "WebFront\WebFront.csproj", "{55FBEF83-9419-4505-9EF0-C3003D1EE7C6}"
EndProject
Project("{FAE04EC0-301F-11D3-BF4B-00C04F79EFBC}") = "Business.Dto", "Business.Dto\Business.Dto.csproj", "{2D97555A-0AA8-43F6-A330-631625709683}"
EndProject
Project("{FAE04EC0-301F-11D3-BF4B-00C04F79EFBC}") = "Business.CallAPI", "Business.CallAPI\Business.CallAPI.csproj", "{E3D64881-E28A-4A5B-8EDD-9DDFBF505186}"
EndProject
Project("{FAE04EC0-301F-11D3-BF4B-00C04F79EFBC}") = "ModelChatbotDesarrollo.Core", "ModelChatbotDesarrollo.Core\ModelChatbotDesarrollo.Core.csproj", "{DA02D62E-A2EB-482B-9266-96AB367F6B62}"
EndProject
Project("{FAE04EC0-301F-11D3-BF4B-00C04F79EFBC}") = "Common.CallApi", "Common.CallApi\Common.CallApi.csproj", "{46AF43EE-71AE-482C-89C1-5A17526E835B}"
EndProject
Project("{FAE04EC0-301F-11D3-BF4B-00C04F79EFBC}") = "Common.Services.Interceptor", "Common.Services.Interceptor\Common.Services.Interceptor.csproj", "{A7BC81F5-8047-43CA-98E2-694D8033CFDD}"
EndProject
Project("{FAE04EC0-301F-11D3-BF4B-00C04F79EFBC}") = "Common.BusinessException", "Common.BusinessException\Common.BusinessException.csproj", "{782BBA9A-5B56-4110-BC1B-79B5AE1EB24C}"
EndProject
Project("{FAE04EC0-301F-11D3-BF4B-00C04F79EFBC}") = "Common.Utility", "Common.Utility\Common.Utility.csproj", "{C71E06ED-A9B3-45EC-8B25-1093CD65F971}"
EndProject
Project("{FAE04EC0-301F-11D3-BF4B-00C04F79EFBC}") = "Business.Entities", "Business.Entities\Business.Entities.csproj", "{1AD07FC4-0783-401B-8538-A6D00698923D}"
EndProject
Global
	GlobalSection(SolutionConfigurationPlatforms) = preSolution
		Debug|Any CPU = Debug|Any CPU
		EventsDev|Any CPU = EventsDev|Any CPU
		EventsTest|Any CPU = EventsTest|Any CPU
		Release|Any CPU = Release|Any CPU
	EndGlobalSection
	GlobalSection(ProjectConfigurationPlatforms) = postSolution
		{D54B58D9-B9C5-413A-AB4D-B51008B956A6}.Debug|Any CPU.ActiveCfg = Debug|Any CPU
		{D54B58D9-B9C5-413A-AB4D-B51008B956A6}.Debug|Any CPU.Build.0 = Debug|Any CPU
		{D54B58D9-B9C5-413A-AB4D-B51008B956A6}.EventsDev|Any CPU.ActiveCfg = Debug|Any CPU
		{D54B58D9-B9C5-413A-AB4D-B51008B956A6}.EventsDev|Any CPU.Build.0 = Debug|Any CPU
		{D54B58D9-B9C5-413A-AB4D-B51008B956A6}.EventsTest|Any CPU.ActiveCfg = Debug|Any CPU
		{D54B58D9-B9C5-413A-AB4D-B51008B956A6}.EventsTest|Any CPU.Build.0 = Debug|Any CPU
		{D54B58D9-B9C5-413A-AB4D-B51008B956A6}.Release|Any CPU.ActiveCfg = Release|Any CPU
		{D54B58D9-B9C5-413A-AB4D-B51008B956A6}.Release|Any CPU.Build.0 = Release|Any CPU
		{EF1291AC-3E14-4039-A411-48229593CBE9}.Debug|Any CPU.ActiveCfg = Debug|Any CPU
		{EF1291AC-3E14-4039-A411-48229593CBE9}.Debug|Any CPU.Build.0 = Debug|Any CPU
		{EF1291AC-3E14-4039-A411-48229593CBE9}.EventsDev|Any CPU.ActiveCfg = Debug|Any CPU
		{EF1291AC-3E14-4039-A411-48229593CBE9}.EventsDev|Any CPU.Build.0 = Debug|Any CPU
		{EF1291AC-3E14-4039-A411-48229593CBE9}.EventsTest|Any CPU.ActiveCfg = Debug|Any CPU
		{EF1291AC-3E14-4039-A411-48229593CBE9}.EventsTest|Any CPU.Build.0 = Debug|Any CPU
		{EF1291AC-3E14-4039-A411-48229593CBE9}.Release|Any CPU.ActiveCfg = Release|Any CPU
		{EF1291AC-3E14-4039-A411-48229593CBE9}.Release|Any CPU.Build.0 = Release|Any CPU
		{7F18FE33-08F9-4D32-899D-B04A88C28FD7}.Debug|Any CPU.ActiveCfg = Debug|Any CPU
		{7F18FE33-08F9-4D32-899D-B04A88C28FD7}.Debug|Any CPU.Build.0 = Debug|Any CPU
		{7F18FE33-08F9-4D32-899D-B04A88C28FD7}.EventsDev|Any CPU.ActiveCfg = Debug|Any CPU
		{7F18FE33-08F9-4D32-899D-B04A88C28FD7}.EventsDev|Any CPU.Build.0 = Debug|Any CPU
		{7F18FE33-08F9-4D32-899D-B04A88C28FD7}.EventsTest|Any CPU.ActiveCfg = Debug|Any CPU
		{7F18FE33-08F9-4D32-899D-B04A88C28FD7}.EventsTest|Any CPU.Build.0 = Debug|Any CPU
		{7F18FE33-08F9-4D32-899D-B04A88C28FD7}.Release|Any CPU.ActiveCfg = Release|Any CPU
		{7F18FE33-08F9-4D32-899D-B04A88C28FD7}.Release|Any CPU.Build.0 = Release|Any CPU
		{C9E0FD5B-C43A-4F11-B46F-38B95B459C99}.Debug|Any CPU.ActiveCfg = Debug|Any CPU
		{C9E0FD5B-C43A-4F11-B46F-38B95B459C99}.Debug|Any CPU.Build.0 = Debug|Any CPU
		{C9E0FD5B-C43A-4F11-B46F-38B95B459C99}.EventsDev|Any CPU.ActiveCfg = Debug|Any CPU
		{C9E0FD5B-C43A-4F11-B46F-38B95B459C99}.EventsDev|Any CPU.Build.0 = Debug|Any CPU
		{C9E0FD5B-C43A-4F11-B46F-38B95B459C99}.EventsTest|Any CPU.ActiveCfg = Debug|Any CPU
		{C9E0FD5B-C43A-4F11-B46F-38B95B459C99}.EventsTest|Any CPU.Build.0 = Debug|Any CPU
		{C9E0FD5B-C43A-4F11-B46F-38B95B459C99}.Release|Any CPU.ActiveCfg = Release|Any CPU
		{C9E0FD5B-C43A-4F11-B46F-38B95B459C99}.Release|Any CPU.Build.0 = Release|Any CPU
		{C9D19A41-AFD1-4BFF-9DCA-642CA1D79316}.Debug|Any CPU.ActiveCfg = Debug|Any CPU
		{C9D19A41-AFD1-4BFF-9DCA-642CA1D79316}.Debug|Any CPU.Build.0 = Debug|Any CPU
		{C9D19A41-AFD1-4BFF-9DCA-642CA1D79316}.EventsDev|Any CPU.ActiveCfg = EventsDev|Any CPU
		{C9D19A41-AFD1-4BFF-9DCA-642CA1D79316}.EventsDev|Any CPU.Build.0 = EventsDev|Any CPU
		{C9D19A41-AFD1-4BFF-9DCA-642CA1D79316}.EventsTest|Any CPU.ActiveCfg = EventsTest|Any CPU
		{C9D19A41-AFD1-4BFF-9DCA-642CA1D79316}.EventsTest|Any CPU.Build.0 = EventsTest|Any CPU
		{C9D19A41-AFD1-4BFF-9DCA-642CA1D79316}.Release|Any CPU.ActiveCfg = Release|Any CPU
		{C9D19A41-AFD1-4BFF-9DCA-642CA1D79316}.Release|Any CPU.Build.0 = Release|Any CPU
		{33B63FE2-B56C-4E97-9502-93442830C774}.Debug|Any CPU.ActiveCfg = Debug|Any CPU
		{33B63FE2-B56C-4E97-9502-93442830C774}.Debug|Any CPU.Build.0 = Debug|Any CPU
		{33B63FE2-B56C-4E97-9502-93442830C774}.EventsDev|Any CPU.ActiveCfg = Debug|Any CPU
		{33B63FE2-B56C-4E97-9502-93442830C774}.EventsDev|Any CPU.Build.0 = Debug|Any CPU
		{33B63FE2-B56C-4E97-9502-93442830C774}.EventsTest|Any CPU.ActiveCfg = Debug|Any CPU
		{33B63FE2-B56C-4E97-9502-93442830C774}.EventsTest|Any CPU.Build.0 = Debug|Any CPU
		{33B63FE2-B56C-4E97-9502-93442830C774}.Release|Any CPU.ActiveCfg = Release|Any CPU
		{33B63FE2-B56C-4E97-9502-93442830C774}.Release|Any CPU.Build.0 = Release|Any CPU
		{55FBEF83-9419-4505-9EF0-C3003D1EE7C6}.Debug|Any CPU.ActiveCfg = Debug|Any CPU
		{55FBEF83-9419-4505-9EF0-C3003D1EE7C6}.Debug|Any CPU.Build.0 = Debug|Any CPU
		{55FBEF83-9419-4505-9EF0-C3003D1EE7C6}.EventsDev|Any CPU.ActiveCfg = Debug|Any CPU
		{55FBEF83-9419-4505-9EF0-C3003D1EE7C6}.EventsDev|Any CPU.Build.0 = Debug|Any CPU
		{55FBEF83-9419-4505-9EF0-C3003D1EE7C6}.EventsTest|Any CPU.ActiveCfg = Debug|Any CPU
		{55FBEF83-9419-4505-9EF0-C3003D1EE7C6}.EventsTest|Any CPU.Build.0 = Debug|Any CPU
		{55FBEF83-9419-4505-9EF0-C3003D1EE7C6}.Release|Any CPU.ActiveCfg = Release|Any CPU
		{55FBEF83-9419-4505-9EF0-C3003D1EE7C6}.Release|Any CPU.Build.0 = Release|Any CPU
		{2D97555A-0AA8-43F6-A330-631625709683}.Debug|Any CPU.ActiveCfg = Debug|Any CPU
		{2D97555A-0AA8-43F6-A330-631625709683}.Debug|Any CPU.Build.0 = Debug|Any CPU
		{2D97555A-0AA8-43F6-A330-631625709683}.EventsDev|Any CPU.ActiveCfg = Debug|Any CPU
		{2D97555A-0AA8-43F6-A330-631625709683}.EventsDev|Any CPU.Build.0 = Debug|Any CPU
		{2D97555A-0AA8-43F6-A330-631625709683}.EventsTest|Any CPU.ActiveCfg = Debug|Any CPU
		{2D97555A-0AA8-43F6-A330-631625709683}.EventsTest|Any CPU.Build.0 = Debug|Any CPU
		{2D97555A-0AA8-43F6-A330-631625709683}.Release|Any CPU.ActiveCfg = Release|Any CPU
		{2D97555A-0AA8-43F6-A330-631625709683}.Release|Any CPU.Build.0 = Release|Any CPU
		{E3D64881-E28A-4A5B-8EDD-9DDFBF505186}.Debug|Any CPU.ActiveCfg = Debug|Any CPU
		{E3D64881-E28A-4A5B-8EDD-9DDFBF505186}.Debug|Any CPU.Build.0 = Debug|Any CPU
		{E3D64881-E28A-4A5B-8EDD-9DDFBF505186}.EventsDev|Any CPU.ActiveCfg = Debug|Any CPU
		{E3D64881-E28A-4A5B-8EDD-9DDFBF505186}.EventsDev|Any CPU.Build.0 = Debug|Any CPU
		{E3D64881-E28A-4A5B-8EDD-9DDFBF505186}.EventsTest|Any CPU.ActiveCfg = Debug|Any CPU
		{E3D64881-E28A-4A5B-8EDD-9DDFBF505186}.EventsTest|Any CPU.Build.0 = Debug|Any CPU
		{E3D64881-E28A-4A5B-8EDD-9DDFBF505186}.Release|Any CPU.ActiveCfg = Release|Any CPU
		{E3D64881-E28A-4A5B-8EDD-9DDFBF505186}.Release|Any CPU.Build.0 = Release|Any CPU
		{DA02D62E-A2EB-482B-9266-96AB367F6B62}.Debug|Any CPU.ActiveCfg = Debug|Any CPU
		{DA02D62E-A2EB-482B-9266-96AB367F6B62}.Debug|Any CPU.Build.0 = Debug|Any CPU
		{DA02D62E-A2EB-482B-9266-96AB367F6B62}.EventsDev|Any CPU.ActiveCfg = Debug|Any CPU
		{DA02D62E-A2EB-482B-9266-96AB367F6B62}.EventsDev|Any CPU.Build.0 = Debug|Any CPU
		{DA02D62E-A2EB-482B-9266-96AB367F6B62}.EventsTest|Any CPU.ActiveCfg = Debug|Any CPU
		{DA02D62E-A2EB-482B-9266-96AB367F6B62}.EventsTest|Any CPU.Build.0 = Debug|Any CPU
		{DA02D62E-A2EB-482B-9266-96AB367F6B62}.Release|Any CPU.ActiveCfg = Release|Any CPU
		{DA02D62E-A2EB-482B-9266-96AB367F6B62}.Release|Any CPU.Build.0 = Release|Any CPU
		{46AF43EE-71AE-482C-89C1-5A17526E835B}.Debug|Any CPU.ActiveCfg = Debug|Any CPU
		{46AF43EE-71AE-482C-89C1-5A17526E835B}.Debug|Any CPU.Build.0 = Debug|Any CPU
		{46AF43EE-71AE-482C-89C1-5A17526E835B}.EventsDev|Any CPU.ActiveCfg = Debug|Any CPU
		{46AF43EE-71AE-482C-89C1-5A17526E835B}.EventsDev|Any CPU.Build.0 = Debug|Any CPU
		{46AF43EE-71AE-482C-89C1-5A17526E835B}.EventsTest|Any CPU.ActiveCfg = Debug|Any CPU
		{46AF43EE-71AE-482C-89C1-5A17526E835B}.EventsTest|Any CPU.Build.0 = Debug|Any CPU
		{46AF43EE-71AE-482C-89C1-5A17526E835B}.Release|Any CPU.ActiveCfg = Release|Any CPU
		{46AF43EE-71AE-482C-89C1-5A17526E835B}.Release|Any CPU.Build.0 = Release|Any CPU
		{A7BC81F5-8047-43CA-98E2-694D8033CFDD}.Debug|Any CPU.ActiveCfg = Debug|Any CPU
		{A7BC81F5-8047-43CA-98E2-694D8033CFDD}.Debug|Any CPU.Build.0 = Debug|Any CPU
		{A7BC81F5-8047-43CA-98E2-694D8033CFDD}.EventsDev|Any CPU.ActiveCfg = Debug|Any CPU
		{A7BC81F5-8047-43CA-98E2-694D8033CFDD}.EventsDev|Any CPU.Build.0 = Debug|Any CPU
		{A7BC81F5-8047-43CA-98E2-694D8033CFDD}.EventsTest|Any CPU.ActiveCfg = Debug|Any CPU
		{A7BC81F5-8047-43CA-98E2-694D8033CFDD}.EventsTest|Any CPU.Build.0 = Debug|Any CPU
		{A7BC81F5-8047-43CA-98E2-694D8033CFDD}.Release|Any CPU.ActiveCfg = Release|Any CPU
		{A7BC81F5-8047-43CA-98E2-694D8033CFDD}.Release|Any CPU.Build.0 = Release|Any CPU
		{782BBA9A-5B56-4110-BC1B-79B5AE1EB24C}.Debug|Any CPU.ActiveCfg = Debug|Any CPU
		{782BBA9A-5B56-4110-BC1B-79B5AE1EB24C}.Debug|Any CPU.Build.0 = Debug|Any CPU
		{782BBA9A-5B56-4110-BC1B-79B5AE1EB24C}.EventsDev|Any CPU.ActiveCfg = Debug|Any CPU
		{782BBA9A-5B56-4110-BC1B-79B5AE1EB24C}.EventsDev|Any CPU.Build.0 = Debug|Any CPU
		{782BBA9A-5B56-4110-BC1B-79B5AE1EB24C}.EventsTest|Any CPU.ActiveCfg = Debug|Any CPU
		{782BBA9A-5B56-4110-BC1B-79B5AE1EB24C}.EventsTest|Any CPU.Build.0 = Debug|Any CPU
		{782BBA9A-5B56-4110-BC1B-79B5AE1EB24C}.Release|Any CPU.ActiveCfg = Release|Any CPU
		{782BBA9A-5B56-4110-BC1B-79B5AE1EB24C}.Release|Any CPU.Build.0 = Release|Any CPU
		{C71E06ED-A9B3-45EC-8B25-1093CD65F971}.Debug|Any CPU.ActiveCfg = Debug|Any CPU
		{C71E06ED-A9B3-45EC-8B25-1093CD65F971}.Debug|Any CPU.Build.0 = Debug|Any CPU
		{C71E06ED-A9B3-45EC-8B25-1093CD65F971}.EventsDev|Any CPU.ActiveCfg = Debug|Any CPU
		{C71E06ED-A9B3-45EC-8B25-1093CD65F971}.EventsDev|Any CPU.Build.0 = Debug|Any CPU
		{C71E06ED-A9B3-45EC-8B25-1093CD65F971}.EventsTest|Any CPU.ActiveCfg = Debug|Any CPU
		{C71E06ED-A9B3-45EC-8B25-1093CD65F971}.EventsTest|Any CPU.Build.0 = Debug|Any CPU
		{C71E06ED-A9B3-45EC-8B25-1093CD65F971}.Release|Any CPU.ActiveCfg = Release|Any CPU
		{C71E06ED-A9B3-45EC-8B25-1093CD65F971}.Release|Any CPU.Build.0 = Release|Any CPU
		{1AD07FC4-0783-401B-8538-A6D00698923D}.Debug|Any CPU.ActiveCfg = Debug|Any CPU
		{1AD07FC4-0783-401B-8538-A6D00698923D}.Debug|Any CPU.Build.0 = Debug|Any CPU
		{1AD07FC4-0783-401B-8538-A6D00698923D}.EventsDev|Any CPU.ActiveCfg = Debug|Any CPU
		{1AD07FC4-0783-401B-8538-A6D00698923D}.EventsDev|Any CPU.Build.0 = Debug|Any CPU
		{1AD07FC4-0783-401B-8538-A6D00698923D}.EventsTest|Any CPU.ActiveCfg = Debug|Any CPU
		{1AD07FC4-0783-401B-8538-A6D00698923D}.EventsTest|Any CPU.Build.0 = Debug|Any CPU
		{1AD07FC4-0783-401B-8538-A6D00698923D}.Release|Any CPU.ActiveCfg = Release|Any CPU
		{1AD07FC4-0783-401B-8538-A6D00698923D}.Release|Any CPU.Build.0 = Release|Any CPU
	EndGlobalSection
	GlobalSection(SolutionProperties) = preSolution
		HideSolutionNode = FALSE
	EndGlobalSection
	GlobalSection(NestedProjects) = preSolution
		{D54B58D9-B9C5-413A-AB4D-B51008B956A6} = {4CC658B2-F93F-49CF-9042-050055D70BFA}
		{EF1291AC-3E14-4039-A411-48229593CBE9} = {4CC658B2-F93F-49CF-9042-050055D70BFA}
		{7F18FE33-08F9-4D32-899D-B04A88C28FD7} = {401E8D15-144E-409A-8156-C1E3556D1A19}
		{C9E0FD5B-C43A-4F11-B46F-38B95B459C99} = {401E8D15-144E-409A-8156-C1E3556D1A19}
		{C9D19A41-AFD1-4BFF-9DCA-642CA1D79316} = {D9D3A849-24D0-4778-8368-E47F0AE565C2}
		{33B63FE2-B56C-4E97-9502-93442830C774} = {5E8A5434-C80D-4121-8E75-02645A7EA6DA}
		{55FBEF83-9419-4505-9EF0-C3003D1EE7C6} = {5E8A5434-C80D-4121-8E75-02645A7EA6DA}
		{2D97555A-0AA8-43F6-A330-631625709683} = {4CC658B2-F93F-49CF-9042-050055D70BFA}
		{E3D64881-E28A-4A5B-8EDD-9DDFBF505186} = {4CC658B2-F93F-49CF-9042-050055D70BFA}
		{DA02D62E-A2EB-482B-9266-96AB367F6B62} = {401E8D15-144E-409A-8156-C1E3556D1A19}
		{46AF43EE-71AE-482C-89C1-5A17526E835B} = {641FB7FD-1BC5-41F6-B165-634C667ED7CA}
		{A7BC81F5-8047-43CA-98E2-694D8033CFDD} = {641FB7FD-1BC5-41F6-B165-634C667ED7CA}
		{782BBA9A-5B56-4110-BC1B-79B5AE1EB24C} = {641FB7FD-1BC5-41F6-B165-634C667ED7CA}
		{C71E06ED-A9B3-45EC-8B25-1093CD65F971} = {641FB7FD-1BC5-41F6-B165-634C667ED7CA}
		{1AD07FC4-0783-401B-8538-A6D00698923D} = {4CC658B2-F93F-49CF-9042-050055D70BFA}
	EndGlobalSection
	GlobalSection(ExtensibilityGlobals) = postSolution
		SolutionGuid = {D17C1ED8-4525-469D-9FB0-06187337BACC}
	EndGlobalSection
EndGlobal
